
Microsoft Visual Studio Solution File, Format Version 12.00
# Visual Studio Version 17
VisualStudioVersion = 17.4.33213.308
MinimumVisualStudioVersion = 10.0.40219.1
Project("{FAE04EC0-301F-11D3-BF4B-00C04F79EFBC}") = "FactoryMethod", "FactoryMethod\FactoryMethod.csproj", "{B59D3298-93EB-4602-916C-39A7F393BACC}"
EndProject
Global
	GlobalSection(SolutionConfigurationPlatforms) = preSolution
		Debug|Any CPU = Debug|Any CPU
		Release|Any CPU = Release|Any CPU
	EndGlobalSection
	GlobalSection(ProjectConfigurationPlatforms) = postSolution
		{B59D3298-93EB-4602-916C-39A7F393BACC}.Debug|Any CPU.ActiveCfg = Debug|Any CPU
		{B59D3298-93EB-4602-916C-39A7F393BACC}.Debug|Any CPU.Build.0 = Debug|Any CPU
		{B59D3298-93EB-4602-916C-39A7F393BACC}.Release|Any CPU.ActiveCfg = Release|Any CPU
		{B59D3298-93EB-4602-916C-39A7F393BACC}.Release|Any CPU.Build.0 = Release|Any CPU
	EndGlobalSection
	GlobalSection(SolutionProperties) = preSolution
		HideSolutionNode = FALSE
	EndGlobalSection
	GlobalSection(ExtensibilityGlobals) = postSolution
		SolutionGuid = {F15B3923-739C-4F1E-B347-DEC39B50A187}
	EndGlobalSection
EndGlobal
