
Microsoft Visual Studio Solution File, Format Version 12.00
# Visual Studio Version 17
VisualStudioVersion = 17.4.33213.308
MinimumVisualStudioVersion = 10.0.40219.1
Project("{9A19103F-16F7-4668-BE54-9A1E7A4F7556}") = "FactoryMethod", "FactoryMethod\FactoryMethod.csproj", "{B59D3298-93EB-4602-916C-39A7F393BACC}"
EndProject
Project("{9A19103F-16F7-4668-BE54-9A1E7A4F7556}") = "AbstractFactory", "AbstractFactory\AbstractFactory.csproj", "{8F47FA89-44EF-484C-BB6C-29DB86078FE7}"
EndProject
Project("{9A19103F-16F7-4668-BE54-9A1E7A4F7556}") = "Singleton", "Singleton\Singleton.csproj", "{1B0DCD1A-D9A3-4B81-ACE3-242CC73A8711}"
EndProject
Project("{9A19103F-16F7-4668-BE54-9A1E7A4F7556}") = "Builder", "Builder\Builder.csproj", "{F0B5768F-98B6-43B6-B84A-3351DE182E8B}"
EndProject
Project("{9A19103F-16F7-4668-BE54-9A1E7A4F7556}") = "Prototype", "Prototype\Prototype.csproj", "{133F9C39-6670-4DFB-8F27-B06868D4DE21}"
EndProject
Project("{9A19103F-16F7-4668-BE54-9A1E7A4F7556}") = "DesingAdapter", "Adapter\DesingAdapter.csproj", "{9B410B2F-2E21-4810-B83F-23084329A43C}"
EndProject
Project("{9A19103F-16F7-4668-BE54-9A1E7A4F7556}") = "DesingFlyWeight", "FlyWheight\DesingFlyWeight.csproj", "{3E17A1BC-894B-460F-848A-ADAB6D77DA8E}"
EndProject
Project("{9A19103F-16F7-4668-BE54-9A1E7A4F7556}") = "DesignBridge", "Bridge\DesignBridge.csproj", "{B986D71C-C3EE-448F-B0A5-AACB03983B9E}"
EndProject
Project("{9A19103F-16F7-4668-BE54-9A1E7A4F7556}") = "DesingnComposite", "Composite\DesingnComposite.csproj", "{4348F718-4395-44E4-9815-2F02B21A589A}"
EndProject
Project("{9A19103F-16F7-4668-BE54-9A1E7A4F7556}") = "DesignDecorator", "DesignDecorator\DesignDecorator.csproj", "{F7D97BDF-81A6-4ECD-94B9-64A89520FF32}"
EndProject
Project("{9A19103F-16F7-4668-BE54-9A1E7A4F7556}") = "DesingnFacade", "DesingnFacade\DesingnFacade.csproj", "{EB02D1CC-E39F-453D-ACB6-190D8D9AF1D5}"
EndProject
Project("{FAE04EC0-301F-11D3-BF4B-00C04F79EFBC}") = "DesignProxy", "DesignProxy\DesignProxy.csproj", "{AF829B84-B4F3-4F43-95AE-E3643372AABC}"
EndProject
Project("{FAE04EC0-301F-11D3-BF4B-00C04F79EFBC}") = "TemplateMethod", "TemplateMethod\TemplateMethod.csproj", "{7898F450-A78E-4EBB-BEB3-A180D4D57A3C}"
EndProject
Project("{FAE04EC0-301F-11D3-BF4B-00C04F79EFBC}") = "Interpreter", "Interpreter\Interpreter.csproj", "{7F1FE034-1A71-4022-BBA3-D4110F9B9CCB}"
EndProject
Project("{FAE04EC0-301F-11D3-BF4B-00C04F79EFBC}") = "Observer", "Observer\Observer.csproj", "{7C36B1A2-33E6-440E-A587-7BC07AF1D874}"
EndProject
Project("{FAE04EC0-301F-11D3-BF4B-00C04F79EFBC}") = "Visitor", "Visitor\Visitor.csproj", "{2CF06567-5714-4837-BAA8-BD9128C68A07}"
EndProject
Project("{FAE04EC0-301F-11D3-BF4B-00C04F79EFBC}") = "Command", "Command\Command.csproj", "{6C9228B5-0C91-4186-902B-BA9EE40598C1}"
EndProject
Project("{FAE04EC0-301F-11D3-BF4B-00C04F79EFBC}") = "Strategy", "Strategy\Strategy.csproj", "{5A843EA5-8BFC-48FF-9CA1-FB4E45700BDC}"
EndProject
Project("{FAE04EC0-301F-11D3-BF4B-00C04F79EFBC}") = "CHAIN_OF_RESPONSABILITY", "CHAIN_OF_RESPONSABILITY\CHAIN_OF_RESPONSABILITY.csproj", "{3A6755E2-F497-4ED3-9422-4EF45BA75D7B}"
EndProject
Project("{FAE04EC0-301F-11D3-BF4B-00C04F79EFBC}") = "DesignIterator", "Interator\DesignIterator.csproj", "{6F3CBE42-351A-4823-8B11-2767E8F94FC5}"
EndProject
Project("{FAE04EC0-301F-11D3-BF4B-00C04F79EFBC}") = "Mediator", "Mediator\Mediator.csproj", "{50BBB3CF-E548-45C6-A988-1855560A855F}"
EndProject
Global
	GlobalSection(SolutionConfigurationPlatforms) = preSolution
		Debug|Any CPU = Debug|Any CPU
		Release|Any CPU = Release|Any CPU
	EndGlobalSection
	GlobalSection(ProjectConfigurationPlatforms) = postSolution
		{B59D3298-93EB-4602-916C-39A7F393BACC}.Debug|Any CPU.ActiveCfg = Debug|Any CPU
		{B59D3298-93EB-4602-916C-39A7F393BACC}.Debug|Any CPU.Build.0 = Debug|Any CPU
		{B59D3298-93EB-4602-916C-39A7F393BACC}.Release|Any CPU.ActiveCfg = Release|Any CPU
		{B59D3298-93EB-4602-916C-39A7F393BACC}.Release|Any CPU.Build.0 = Release|Any CPU
		{8F47FA89-44EF-484C-BB6C-29DB86078FE7}.Debug|Any CPU.ActiveCfg = Debug|Any CPU
		{8F47FA89-44EF-484C-BB6C-29DB86078FE7}.Debug|Any CPU.Build.0 = Debug|Any CPU
		{8F47FA89-44EF-484C-BB6C-29DB86078FE7}.Release|Any CPU.ActiveCfg = Release|Any CPU
		{8F47FA89-44EF-484C-BB6C-29DB86078FE7}.Release|Any CPU.Build.0 = Release|Any CPU
		{1B0DCD1A-D9A3-4B81-ACE3-242CC73A8711}.Debug|Any CPU.ActiveCfg = Debug|Any CPU
		{1B0DCD1A-D9A3-4B81-ACE3-242CC73A8711}.Debug|Any CPU.Build.0 = Debug|Any CPU
		{1B0DCD1A-D9A3-4B81-ACE3-242CC73A8711}.Release|Any CPU.ActiveCfg = Release|Any CPU
		{1B0DCD1A-D9A3-4B81-ACE3-242CC73A8711}.Release|Any CPU.Build.0 = Release|Any CPU
		{F0B5768F-98B6-43B6-B84A-3351DE182E8B}.Debug|Any CPU.ActiveCfg = Debug|Any CPU
		{F0B5768F-98B6-43B6-B84A-3351DE182E8B}.Debug|Any CPU.Build.0 = Debug|Any CPU
		{F0B5768F-98B6-43B6-B84A-3351DE182E8B}.Release|Any CPU.ActiveCfg = Release|Any CPU
		{F0B5768F-98B6-43B6-B84A-3351DE182E8B}.Release|Any CPU.Build.0 = Release|Any CPU
		{133F9C39-6670-4DFB-8F27-B06868D4DE21}.Debug|Any CPU.ActiveCfg = Debug|Any CPU
		{133F9C39-6670-4DFB-8F27-B06868D4DE21}.Debug|Any CPU.Build.0 = Debug|Any CPU
		{133F9C39-6670-4DFB-8F27-B06868D4DE21}.Release|Any CPU.ActiveCfg = Release|Any CPU
		{133F9C39-6670-4DFB-8F27-B06868D4DE21}.Release|Any CPU.Build.0 = Release|Any CPU
		{9B410B2F-2E21-4810-B83F-23084329A43C}.Debug|Any CPU.ActiveCfg = Debug|Any CPU
		{9B410B2F-2E21-4810-B83F-23084329A43C}.Debug|Any CPU.Build.0 = Debug|Any CPU
		{9B410B2F-2E21-4810-B83F-23084329A43C}.Release|Any CPU.ActiveCfg = Release|Any CPU
		{9B410B2F-2E21-4810-B83F-23084329A43C}.Release|Any CPU.Build.0 = Release|Any CPU
		{3E17A1BC-894B-460F-848A-ADAB6D77DA8E}.Debug|Any CPU.ActiveCfg = Debug|Any CPU
		{3E17A1BC-894B-460F-848A-ADAB6D77DA8E}.Debug|Any CPU.Build.0 = Debug|Any CPU
		{3E17A1BC-894B-460F-848A-ADAB6D77DA8E}.Release|Any CPU.ActiveCfg = Release|Any CPU
		{3E17A1BC-894B-460F-848A-ADAB6D77DA8E}.Release|Any CPU.Build.0 = Release|Any CPU
		{B986D71C-C3EE-448F-B0A5-AACB03983B9E}.Debug|Any CPU.ActiveCfg = Debug|Any CPU
		{B986D71C-C3EE-448F-B0A5-AACB03983B9E}.Debug|Any CPU.Build.0 = Debug|Any CPU
		{B986D71C-C3EE-448F-B0A5-AACB03983B9E}.Release|Any CPU.ActiveCfg = Release|Any CPU
		{B986D71C-C3EE-448F-B0A5-AACB03983B9E}.Release|Any CPU.Build.0 = Release|Any CPU
		{4348F718-4395-44E4-9815-2F02B21A589A}.Debug|Any CPU.ActiveCfg = Debug|Any CPU
		{4348F718-4395-44E4-9815-2F02B21A589A}.Debug|Any CPU.Build.0 = Debug|Any CPU
		{4348F718-4395-44E4-9815-2F02B21A589A}.Release|Any CPU.ActiveCfg = Release|Any CPU
		{4348F718-4395-44E4-9815-2F02B21A589A}.Release|Any CPU.Build.0 = Release|Any CPU
		{F7D97BDF-81A6-4ECD-94B9-64A89520FF32}.Debug|Any CPU.ActiveCfg = Debug|Any CPU
		{F7D97BDF-81A6-4ECD-94B9-64A89520FF32}.Debug|Any CPU.Build.0 = Debug|Any CPU
		{F7D97BDF-81A6-4ECD-94B9-64A89520FF32}.Release|Any CPU.ActiveCfg = Release|Any CPU
		{F7D97BDF-81A6-4ECD-94B9-64A89520FF32}.Release|Any CPU.Build.0 = Release|Any CPU
		{EB02D1CC-E39F-453D-ACB6-190D8D9AF1D5}.Debug|Any CPU.ActiveCfg = Debug|Any CPU
		{EB02D1CC-E39F-453D-ACB6-190D8D9AF1D5}.Debug|Any CPU.Build.0 = Debug|Any CPU
		{EB02D1CC-E39F-453D-ACB6-190D8D9AF1D5}.Release|Any CPU.ActiveCfg = Release|Any CPU
		{EB02D1CC-E39F-453D-ACB6-190D8D9AF1D5}.Release|Any CPU.Build.0 = Release|Any CPU
		{AF829B84-B4F3-4F43-95AE-E3643372AABC}.Debug|Any CPU.ActiveCfg = Debug|Any CPU
		{AF829B84-B4F3-4F43-95AE-E3643372AABC}.Debug|Any CPU.Build.0 = Debug|Any CPU
		{AF829B84-B4F3-4F43-95AE-E3643372AABC}.Release|Any CPU.ActiveCfg = Release|Any CPU
		{AF829B84-B4F3-4F43-95AE-E3643372AABC}.Release|Any CPU.Build.0 = Release|Any CPU
		{7898F450-A78E-4EBB-BEB3-A180D4D57A3C}.Debug|Any CPU.ActiveCfg = Debug|Any CPU
		{7898F450-A78E-4EBB-BEB3-A180D4D57A3C}.Debug|Any CPU.Build.0 = Debug|Any CPU
		{7898F450-A78E-4EBB-BEB3-A180D4D57A3C}.Release|Any CPU.ActiveCfg = Release|Any CPU
		{7898F450-A78E-4EBB-BEB3-A180D4D57A3C}.Release|Any CPU.Build.0 = Release|Any CPU
		{7F1FE034-1A71-4022-BBA3-D4110F9B9CCB}.Debug|Any CPU.ActiveCfg = Debug|Any CPU
		{7F1FE034-1A71-4022-BBA3-D4110F9B9CCB}.Debug|Any CPU.Build.0 = Debug|Any CPU
		{7F1FE034-1A71-4022-BBA3-D4110F9B9CCB}.Release|Any CPU.ActiveCfg = Release|Any CPU
		{7F1FE034-1A71-4022-BBA3-D4110F9B9CCB}.Release|Any CPU.Build.0 = Release|Any CPU
		{7C36B1A2-33E6-440E-A587-7BC07AF1D874}.Debug|Any CPU.ActiveCfg = Debug|Any CPU
		{7C36B1A2-33E6-440E-A587-7BC07AF1D874}.Debug|Any CPU.Build.0 = Debug|Any CPU
		{7C36B1A2-33E6-440E-A587-7BC07AF1D874}.Release|Any CPU.ActiveCfg = Release|Any CPU
		{7C36B1A2-33E6-440E-A587-7BC07AF1D874}.Release|Any CPU.Build.0 = Release|Any CPU
		{2CF06567-5714-4837-BAA8-BD9128C68A07}.Debug|Any CPU.ActiveCfg = Debug|Any CPU
		{2CF06567-5714-4837-BAA8-BD9128C68A07}.Debug|Any CPU.Build.0 = Debug|Any CPU
		{2CF06567-5714-4837-BAA8-BD9128C68A07}.Release|Any CPU.ActiveCfg = Release|Any CPU
		{2CF06567-5714-4837-BAA8-BD9128C68A07}.Release|Any CPU.Build.0 = Release|Any CPU
		{6C9228B5-0C91-4186-902B-BA9EE40598C1}.Debug|Any CPU.ActiveCfg = Debug|Any CPU
		{6C9228B5-0C91-4186-902B-BA9EE40598C1}.Debug|Any CPU.Build.0 = Debug|Any CPU
		{6C9228B5-0C91-4186-902B-BA9EE40598C1}.Release|Any CPU.ActiveCfg = Release|Any CPU
		{6C9228B5-0C91-4186-902B-BA9EE40598C1}.Release|Any CPU.Build.0 = Release|Any CPU
		{5A843EA5-8BFC-48FF-9CA1-FB4E45700BDC}.Debug|Any CPU.ActiveCfg = Debug|Any CPU
		{5A843EA5-8BFC-48FF-9CA1-FB4E45700BDC}.Debug|Any CPU.Build.0 = Debug|Any CPU
		{5A843EA5-8BFC-48FF-9CA1-FB4E45700BDC}.Release|Any CPU.ActiveCfg = Release|Any CPU
		{5A843EA5-8BFC-48FF-9CA1-FB4E45700BDC}.Release|Any CPU.Build.0 = Release|Any CPU
		{3A6755E2-F497-4ED3-9422-4EF45BA75D7B}.Debug|Any CPU.ActiveCfg = Debug|Any CPU
		{3A6755E2-F497-4ED3-9422-4EF45BA75D7B}.Debug|Any CPU.Build.0 = Debug|Any CPU
		{3A6755E2-F497-4ED3-9422-4EF45BA75D7B}.Release|Any CPU.ActiveCfg = Release|Any CPU
		{3A6755E2-F497-4ED3-9422-4EF45BA75D7B}.Release|Any CPU.Build.0 = Release|Any CPU
		{6F3CBE42-351A-4823-8B11-2767E8F94FC5}.Debug|Any CPU.ActiveCfg = Debug|Any CPU
		{6F3CBE42-351A-4823-8B11-2767E8F94FC5}.Debug|Any CPU.Build.0 = Debug|Any CPU
		{6F3CBE42-351A-4823-8B11-2767E8F94FC5}.Release|Any CPU.ActiveCfg = Release|Any CPU
		{6F3CBE42-351A-4823-8B11-2767E8F94FC5}.Release|Any CPU.Build.0 = Release|Any CPU
		{50BBB3CF-E548-45C6-A988-1855560A855F}.Debug|Any CPU.ActiveCfg = Debug|Any CPU
		{50BBB3CF-E548-45C6-A988-1855560A855F}.Debug|Any CPU.Build.0 = Debug|Any CPU
		{50BBB3CF-E548-45C6-A988-1855560A855F}.Release|Any CPU.ActiveCfg = Release|Any CPU
		{50BBB3CF-E548-45C6-A988-1855560A855F}.Release|Any CPU.Build.0 = Release|Any CPU
	EndGlobalSection
	GlobalSection(SolutionProperties) = preSolution
		HideSolutionNode = FALSE
	EndGlobalSection
	GlobalSection(ExtensibilityGlobals) = postSolution
		SolutionGuid = {F15B3923-739C-4F1E-B347-DEC39B50A187}
	EndGlobalSection
EndGlobal
