
Microsoft Visual Studio Solution File, Format Version 12.00
# Visual Studio Version 17
VisualStudioVersion = 17.4.33213.308
MinimumVisualStudioVersion = 10.0.40219.1
Project("{9A19103F-16F7-4668-BE54-9A1E7A4F7556}") = "FactoryMethod", "FactoryMethod\FactoryMethod.csproj", "{B59D3298-93EB-4602-916C-39A7F393BACC}"
EndProject
Project("{9A19103F-16F7-4668-BE54-9A1E7A4F7556}") = "AbstractFactory", "AbstractFactory\AbstractFactory.csproj", "{8F47FA89-44EF-484C-BB6C-29DB86078FE7}"
EndProject
Project("{9A19103F-16F7-4668-BE54-9A1E7A4F7556}") = "Singleton", "Singleton\Singleton.csproj", "{1B0DCD1A-D9A3-4B81-ACE3-242CC73A8711}"
EndProject
Project("{9A19103F-16F7-4668-BE54-9A1E7A4F7556}") = "Builder", "Builder\Builder.csproj", "{F0B5768F-98B6-43B6-B84A-3351DE182E8B}"
EndProject
Project("{9A19103F-16F7-4668-BE54-9A1E7A4F7556}") = "Prototype", "Prototype\Prototype.csproj", "{133F9C39-6670-4DFB-8F27-B06868D4DE21}"
EndProject
Project("{FAE04EC0-301F-11D3-BF4B-00C04F79EFBC}") = "DesingAdapter", "Adapter\DesingAdapter.csproj", "{9B410B2F-2E21-4810-B83F-23084329A43C}"
EndProject
Project("{FAE04EC0-301F-11D3-BF4B-00C04F79EFBC}") = "DesingFlyWeight", "FlyWheight\DesingFlyWeight.csproj", "{3E17A1BC-894B-460F-848A-ADAB6D77DA8E}"
EndProject
Global
	GlobalSection(SolutionConfigurationPlatforms) = preSolution
		Debug|Any CPU = Debug|Any CPU
		Release|Any CPU = Release|Any CPU
	EndGlobalSection
	GlobalSection(ProjectConfigurationPlatforms) = postSolution
		{B59D3298-93EB-4602-916C-39A7F393BACC}.Debug|Any CPU.ActiveCfg = Debug|Any CPU
		{B59D3298-93EB-4602-916C-39A7F393BACC}.Debug|Any CPU.Build.0 = Debug|Any CPU
		{B59D3298-93EB-4602-916C-39A7F393BACC}.Release|Any CPU.ActiveCfg = Release|Any CPU
		{B59D3298-93EB-4602-916C-39A7F393BACC}.Release|Any CPU.Build.0 = Release|Any CPU
		{8F47FA89-44EF-484C-BB6C-29DB86078FE7}.Debug|Any CPU.ActiveCfg = Debug|Any CPU
		{8F47FA89-44EF-484C-BB6C-29DB86078FE7}.Debug|Any CPU.Build.0 = Debug|Any CPU
		{8F47FA89-44EF-484C-BB6C-29DB86078FE7}.Release|Any CPU.ActiveCfg = Release|Any CPU
		{8F47FA89-44EF-484C-BB6C-29DB86078FE7}.Release|Any CPU.Build.0 = Release|Any CPU
		{1B0DCD1A-D9A3-4B81-ACE3-242CC73A8711}.Debug|Any CPU.ActiveCfg = Debug|Any CPU
		{1B0DCD1A-D9A3-4B81-ACE3-242CC73A8711}.Debug|Any CPU.Build.0 = Debug|Any CPU
		{1B0DCD1A-D9A3-4B81-ACE3-242CC73A8711}.Release|Any CPU.ActiveCfg = Release|Any CPU
		{1B0DCD1A-D9A3-4B81-ACE3-242CC73A8711}.Release|Any CPU.Build.0 = Release|Any CPU
		{F0B5768F-98B6-43B6-B84A-3351DE182E8B}.Debug|Any CPU.ActiveCfg = Debug|Any CPU
		{F0B5768F-98B6-43B6-B84A-3351DE182E8B}.Debug|Any CPU.Build.0 = Debug|Any CPU
		{F0B5768F-98B6-43B6-B84A-3351DE182E8B}.Release|Any CPU.ActiveCfg = Release|Any CPU
		{F0B5768F-98B6-43B6-B84A-3351DE182E8B}.Release|Any CPU.Build.0 = Release|Any CPU
		{133F9C39-6670-4DFB-8F27-B06868D4DE21}.Debug|Any CPU.ActiveCfg = Debug|Any CPU
		{133F9C39-6670-4DFB-8F27-B06868D4DE21}.Debug|Any CPU.Build.0 = Debug|Any CPU
		{133F9C39-6670-4DFB-8F27-B06868D4DE21}.Release|Any CPU.ActiveCfg = Release|Any CPU
		{133F9C39-6670-4DFB-8F27-B06868D4DE21}.Release|Any CPU.Build.0 = Release|Any CPU
		{9B410B2F-2E21-4810-B83F-23084329A43C}.Debug|Any CPU.ActiveCfg = Debug|Any CPU
		{9B410B2F-2E21-4810-B83F-23084329A43C}.Debug|Any CPU.Build.0 = Debug|Any CPU
		{9B410B2F-2E21-4810-B83F-23084329A43C}.Release|Any CPU.ActiveCfg = Release|Any CPU
		{9B410B2F-2E21-4810-B83F-23084329A43C}.Release|Any CPU.Build.0 = Release|Any CPU
		{3E17A1BC-894B-460F-848A-ADAB6D77DA8E}.Debug|Any CPU.ActiveCfg = Debug|Any CPU
		{3E17A1BC-894B-460F-848A-ADAB6D77DA8E}.Debug|Any CPU.Build.0 = Debug|Any CPU
		{3E17A1BC-894B-460F-848A-ADAB6D77DA8E}.Release|Any CPU.ActiveCfg = Release|Any CPU
		{3E17A1BC-894B-460F-848A-ADAB6D77DA8E}.Release|Any CPU.Build.0 = Release|Any CPU
	EndGlobalSection
	GlobalSection(SolutionProperties) = preSolution
		HideSolutionNode = FALSE
	EndGlobalSection
	GlobalSection(ExtensibilityGlobals) = postSolution
		SolutionGuid = {F15B3923-739C-4F1E-B347-DEC39B50A187}
	EndGlobalSection
EndGlobal
